
Microsoft Visual Studio Solution File, Format Version 12.00
# Visual Studio Version 16
VisualStudioVersion = 16.0.30611.23
MinimumVisualStudioVersion = 10.0.40219.1
Project("{FAE04EC0-301F-11D3-BF4B-00C04F79EFBC}") = "ChangeNameV2", "ChangeNameV2\ChangeNameV2.csproj", "{904C3C10-A5F3-4390-AB83-FECA426399B9}"
EndProject
Global
	GlobalSection(SolutionConfigurationPlatforms) = preSolution
		Debug|Any CPU = Debug|Any CPU
		Release|Any CPU = Release|Any CPU
	EndGlobalSection
	GlobalSection(ProjectConfigurationPlatforms) = postSolution
		{904C3C10-A5F3-4390-AB83-FECA426399B9}.Debug|Any CPU.ActiveCfg = Debug|Any CPU
		{904C3C10-A5F3-4390-AB83-FECA426399B9}.Debug|Any CPU.Build.0 = Debug|Any CPU
		{904C3C10-A5F3-4390-AB83-FECA426399B9}.Release|Any CPU.ActiveCfg = Release|Any CPU
		{904C3C10-A5F3-4390-AB83-FECA426399B9}.Release|Any CPU.Build.0 = Release|Any CPU
	EndGlobalSection
	GlobalSection(SolutionProperties) = preSolution
		HideSolutionNode = FALSE
	EndGlobalSection
	GlobalSection(ExtensibilityGlobals) = postSolution
		SolutionGuid = {1E41272D-367B-4BA1-856B-DB4C85F4170A}
	EndGlobalSection
EndGlobal
